// !$*UTF8*$!
{
	archiveVersion = 1;
	classes = {
	};
	objectVersion = 55;
	objects = {

/* Begin PBXBuildFile section */
		2373E6E12752EACD002DDB0B /* Weather_SurferApp.swift in Sources */ = {isa = PBXBuildFile; fileRef = 2373E6E02752EACD002DDB0B /* Weather_SurferApp.swift */; };
		2373E6E32752EACD002DDB0B /* ContentView.swift in Sources */ = {isa = PBXBuildFile; fileRef = 2373E6E22752EACD002DDB0B /* ContentView.swift */; };
		2373E6E52752EAD1002DDB0B /* Assets.xcassets in Resources */ = {isa = PBXBuildFile; fileRef = 2373E6E42752EAD1002DDB0B /* Assets.xcassets */; };
		2373E6E82752EAD1002DDB0B /* Preview Assets.xcassets in Resources */ = {isa = PBXBuildFile; fileRef = 2373E6E72752EAD1002DDB0B /* Preview Assets.xcassets */; };
		2373E6EA2752EAD1002DDB0B /* Persistence.swift in Sources */ = {isa = PBXBuildFile; fileRef = 2373E6E92752EAD1002DDB0B /* Persistence.swift */; };
		2373E6ED2752EAD2002DDB0B /* Weather_Surfer.xcdatamodeld in Sources */ = {isa = PBXBuildFile; fileRef = 2373E6EB2752EAD2002DDB0B /* Weather_Surfer.xcdatamodeld */; };
		2373E6F42752F6E2002DDB0B /* LocationManager.swift in Sources */ = {isa = PBXBuildFile; fileRef = 2373E6F32752F6E2002DDB0B /* LocationManager.swift */; };
		2373E6F62752FE97002DDB0B /* WeatherController.swift in Sources */ = {isa = PBXBuildFile; fileRef = 2373E6F52752FE97002DDB0B /* WeatherController.swift */; };
		2373E6F82752FF8B002DDB0B /* WeatherModel.swift in Sources */ = {isa = PBXBuildFile; fileRef = 2373E6F72752FF8B002DDB0B /* WeatherModel.swift */; };
		ABFFD0F1852CB97E400CC1AF /* Pods_Weather_Surfer.framework in Frameworks */ = {isa = PBXBuildFile; fileRef = 63E64337C1EDC47F4D7998DC /* Pods_Weather_Surfer.framework */; };
/* End PBXBuildFile section */

/* Begin PBXFileReference section */
		01B76D5EA2A315B259CC69ED /* Pods-Weather Surfer.release.xcconfig */ = {isa = PBXFileReference; includeInIndex = 1; lastKnownFileType = text.xcconfig; name = "Pods-Weather Surfer.release.xcconfig"; path = "Target Support Files/Pods-Weather Surfer/Pods-Weather Surfer.release.xcconfig"; sourceTree = "<group>"; };
		2373E6DD2752EACD002DDB0B /* Weather Surfer.app */ = {isa = PBXFileReference; explicitFileType = wrapper.application; includeInIndex = 0; path = "Weather Surfer.app"; sourceTree = BUILT_PRODUCTS_DIR; };
		2373E6E02752EACD002DDB0B /* Weather_SurferApp.swift */ = {isa = PBXFileReference; lastKnownFileType = sourcecode.swift; path = Weather_SurferApp.swift; sourceTree = "<group>"; };
		2373E6E22752EACD002DDB0B /* ContentView.swift */ = {isa = PBXFileReference; lastKnownFileType = sourcecode.swift; path = ContentView.swift; sourceTree = "<group>"; };
		2373E6E42752EAD1002DDB0B /* Assets.xcassets */ = {isa = PBXFileReference; lastKnownFileType = folder.assetcatalog; path = Assets.xcassets; sourceTree = "<group>"; };
		2373E6E72752EAD1002DDB0B /* Preview Assets.xcassets */ = {isa = PBXFileReference; lastKnownFileType = folder.assetcatalog; path = "Preview Assets.xcassets"; sourceTree = "<group>"; };
		2373E6E92752EAD1002DDB0B /* Persistence.swift */ = {isa = PBXFileReference; lastKnownFileType = sourcecode.swift; path = Persistence.swift; sourceTree = "<group>"; };
		2373E6EC2752EAD2002DDB0B /* Weather_Surfer.xcdatamodel */ = {isa = PBXFileReference; lastKnownFileType = wrapper.xcdatamodel; path = Weather_Surfer.xcdatamodel; sourceTree = "<group>"; };
		2373E6F32752F6E2002DDB0B /* LocationManager.swift */ = {isa = PBXFileReference; lastKnownFileType = sourcecode.swift; path = LocationManager.swift; sourceTree = "<group>"; };
		2373E6F52752FE97002DDB0B /* WeatherController.swift */ = {isa = PBXFileReference; lastKnownFileType = sourcecode.swift; path = WeatherController.swift; sourceTree = "<group>"; };
		2373E6F72752FF8B002DDB0B /* WeatherModel.swift */ = {isa = PBXFileReference; lastKnownFileType = sourcecode.swift; path = WeatherModel.swift; sourceTree = "<group>"; };
		2373E6F927535D7C002DDB0B /* Weather-Surfer-Info.plist */ = {isa = PBXFileReference; lastKnownFileType = text.plist; path = "Weather-Surfer-Info.plist"; sourceTree = SOURCE_ROOT; };
		4F7F7298F21D508D019A8C9D /* Pods-Weather Surfer.debug.xcconfig */ = {isa = PBXFileReference; includeInIndex = 1; lastKnownFileType = text.xcconfig; name = "Pods-Weather Surfer.debug.xcconfig"; path = "Target Support Files/Pods-Weather Surfer/Pods-Weather Surfer.debug.xcconfig"; sourceTree = "<group>"; };
		63E64337C1EDC47F4D7998DC /* Pods_Weather_Surfer.framework */ = {isa = PBXFileReference; explicitFileType = wrapper.framework; includeInIndex = 0; path = Pods_Weather_Surfer.framework; sourceTree = BUILT_PRODUCTS_DIR; };
/* End PBXFileReference section */

/* Begin PBXFrameworksBuildPhase section */
		2373E6DA2752EACD002DDB0B /* Frameworks */ = {
			isa = PBXFrameworksBuildPhase;
			buildActionMask = 2147483647;
			files = (
				ABFFD0F1852CB97E400CC1AF /* Pods_Weather_Surfer.framework in Frameworks */,
			);
			runOnlyForDeploymentPostprocessing = 0;
		};
/* End PBXFrameworksBuildPhase section */

/* Begin PBXGroup section */
		2373E6D42752EACC002DDB0B = {
			isa = PBXGroup;
			children = (
				2373E6DF2752EACD002DDB0B /* Weather Surfer */,
				2373E6DE2752EACD002DDB0B /* Products */,
				2BC60B853373936F10FA22A8 /* Pods */,
				D3D3BA0AF11D00FE46E3063B /* Frameworks */,
			);
			sourceTree = "<group>";
		};
		2373E6DE2752EACD002DDB0B /* Products */ = {
			isa = PBXGroup;
			children = (
				2373E6DD2752EACD002DDB0B /* Weather Surfer.app */,
			);
			name = Products;
			sourceTree = "<group>";
		};
		2373E6DF2752EACD002DDB0B /* Weather Surfer */ = {
			isa = PBXGroup;
			children = (
				2373E6F927535D7C002DDB0B /* Weather-Surfer-Info.plist */,
				2373E6E02752EACD002DDB0B /* Weather_SurferApp.swift */,
				2373E6E22752EACD002DDB0B /* ContentView.swift */,
				2373E6E42752EAD1002DDB0B /* Assets.xcassets */,
				2373E6E92752EAD1002DDB0B /* Persistence.swift */,
				2373E6EB2752EAD2002DDB0B /* Weather_Surfer.xcdatamodeld */,
				2373E6E62752EAD1002DDB0B /* Preview Content */,
				2373E6F32752F6E2002DDB0B /* LocationManager.swift */,
				2373E6F52752FE97002DDB0B /* WeatherController.swift */,
				2373E6F72752FF8B002DDB0B /* WeatherModel.swift */,
			);
			path = "Weather Surfer";
			sourceTree = "<group>";
		};
		2373E6E62752EAD1002DDB0B /* Preview Content */ = {
			isa = PBXGroup;
			children = (
				2373E6E72752EAD1002DDB0B /* Preview Assets.xcassets */,
			);
			path = "Preview Content";
			sourceTree = "<group>";
		};
		2BC60B853373936F10FA22A8 /* Pods */ = {
			isa = PBXGroup;
			children = (
				4F7F7298F21D508D019A8C9D /* Pods-Weather Surfer.debug.xcconfig */,
				01B76D5EA2A315B259CC69ED /* Pods-Weather Surfer.release.xcconfig */,
			);
			path = Pods;
			sourceTree = "<group>";
		};
		D3D3BA0AF11D00FE46E3063B /* Frameworks */ = {
			isa = PBXGroup;
			children = (
				63E64337C1EDC47F4D7998DC /* Pods_Weather_Surfer.framework */,
			);
			name = Frameworks;
			sourceTree = "<group>";
		};
/* End PBXGroup section */

/* Begin PBXNativeTarget section */
		2373E6DC2752EACD002DDB0B /* Weather Surfer */ = {
			isa = PBXNativeTarget;
			buildConfigurationList = 2373E6F02752EAD2002DDB0B /* Build configuration list for PBXNativeTarget "Weather Surfer" */;
			buildPhases = (
				63DC841B653618B62F717C85 /* [CP] Check Pods Manifest.lock */,
				2373E6D92752EACD002DDB0B /* Sources */,
				2373E6DA2752EACD002DDB0B /* Frameworks */,
				2373E6DB2752EACD002DDB0B /* Resources */,
				B58F2163455E8B7690065598 /* [CP] Embed Pods Frameworks */,
			);
			buildRules = (
			);
			dependencies = (
			);
			name = "Weather Surfer";
			productName = "Weather Surfer";
			productReference = 2373E6DD2752EACD002DDB0B /* Weather Surfer.app */;
			productType = "com.apple.product-type.application";
		};
/* End PBXNativeTarget section */

/* Begin PBXProject section */
		2373E6D52752EACC002DDB0B /* Project object */ = {
			isa = PBXProject;
			attributes = {
				BuildIndependentTargetsInParallel = 1;
				LastSwiftUpdateCheck = 1310;
				LastUpgradeCheck = 1310;
				TargetAttributes = {
					2373E6DC2752EACD002DDB0B = {
						CreatedOnToolsVersion = 13.1;
					};
				};
			};
			buildConfigurationList = 2373E6D82752EACC002DDB0B /* Build configuration list for PBXProject "Weather Surfer" */;
			compatibilityVersion = "Xcode 13.0";
			developmentRegion = en;
			hasScannedForEncodings = 0;
			knownRegions = (
				en,
				Base,
			);
			mainGroup = 2373E6D42752EACC002DDB0B;
			productRefGroup = 2373E6DE2752EACD002DDB0B /* Products */;
			projectDirPath = "";
			projectRoot = "";
			targets = (
				2373E6DC2752EACD002DDB0B /* Weather Surfer */,
			);
		};
/* End PBXProject section */

/* Begin PBXResourcesBuildPhase section */
		2373E6DB2752EACD002DDB0B /* Resources */ = {
			isa = PBXResourcesBuildPhase;
			buildActionMask = 2147483647;
			files = (
				2373E6E82752EAD1002DDB0B /* Preview Assets.xcassets in Resources */,
				2373E6E52752EAD1002DDB0B /* Assets.xcassets in Resources */,
			);
			runOnlyForDeploymentPostprocessing = 0;
		};
/* End PBXResourcesBuildPhase section */

/* Begin PBXShellScriptBuildPhase section */
		63DC841B653618B62F717C85 /* [CP] Check Pods Manifest.lock */ = {
			isa = PBXShellScriptBuildPhase;
			buildActionMask = 2147483647;
			files = (
			);
			inputFileListPaths = (
			);
			inputPaths = (
				"${PODS_PODFILE_DIR_PATH}/Podfile.lock",
				"${PODS_ROOT}/Manifest.lock",
			);
			name = "[CP] Check Pods Manifest.lock";
			outputFileListPaths = (
			);
			outputPaths = (
				"$(DERIVED_FILE_DIR)/Pods-Weather Surfer-checkManifestLockResult.txt",
			);
			runOnlyForDeploymentPostprocessing = 0;
			shellPath = /bin/sh;
			shellScript = "diff \"${PODS_PODFILE_DIR_PATH}/Podfile.lock\" \"${PODS_ROOT}/Manifest.lock\" > /dev/null\nif [ $? != 0 ] ; then\n    # print error to STDERR\n    echo \"error: The sandbox is not in sync with the Podfile.lock. Run 'pod install' or update your CocoaPods installation.\" >&2\n    exit 1\nfi\n# This output is used by Xcode 'outputs' to avoid re-running this script phase.\necho \"SUCCESS\" > \"${SCRIPT_OUTPUT_FILE_0}\"\n";
			showEnvVarsInLog = 0;
		};
		B58F2163455E8B7690065598 /* [CP] Embed Pods Frameworks */ = {
			isa = PBXShellScriptBuildPhase;
			buildActionMask = 2147483647;
			files = (
			);
			inputFileListPaths = (
				"${PODS_ROOT}/Target Support Files/Pods-Weather Surfer/Pods-Weather Surfer-frameworks-${CONFIGURATION}-input-files.xcfilelist",
			);
			name = "[CP] Embed Pods Frameworks";
			outputFileListPaths = (
				"${PODS_ROOT}/Target Support Files/Pods-Weather Surfer/Pods-Weather Surfer-frameworks-${CONFIGURATION}-output-files.xcfilelist",
			);
			runOnlyForDeploymentPostprocessing = 0;
			shellPath = /bin/sh;
			shellScript = "\"${PODS_ROOT}/Target Support Files/Pods-Weather Surfer/Pods-Weather Surfer-frameworks.sh\"\n";
			showEnvVarsInLog = 0;
		};
/* End PBXShellScriptBuildPhase section */

/* Begin PBXSourcesBuildPhase section */
		2373E6D92752EACD002DDB0B /* Sources */ = {
			isa = PBXSourcesBuildPhase;
			buildActionMask = 2147483647;
			files = (
				2373E6EA2752EAD1002DDB0B /* Persistence.swift in Sources */,
				2373E6ED2752EAD2002DDB0B /* Weather_Surfer.xcdatamodeld in Sources */,
				2373E6F62752FE97002DDB0B /* WeatherController.swift in Sources */,
				2373E6F82752FF8B002DDB0B /* WeatherModel.swift in Sources */,
				2373E6F42752F6E2002DDB0B /* LocationManager.swift in Sources */,
				2373E6E32752EACD002DDB0B /* ContentView.swift in Sources */,
				2373E6E12752EACD002DDB0B /* Weather_SurferApp.swift in Sources */,
			);
			runOnlyForDeploymentPostprocessing = 0;
		};
/* End PBXSourcesBuildPhase section */

/* Begin XCBuildConfiguration section */
		2373E6EE2752EAD2002DDB0B /* Debug */ = {
			isa = XCBuildConfiguration;
			buildSettings = {
				ALWAYS_SEARCH_USER_PATHS = NO;
				CLANG_ANALYZER_NONNULL = YES;
				CLANG_ANALYZER_NUMBER_OBJECT_CONVERSION = YES_AGGRESSIVE;
				CLANG_CXX_LANGUAGE_STANDARD = "gnu++17";
				CLANG_CXX_LIBRARY = "libc++";
				CLANG_ENABLE_MODULES = YES;
				CLANG_ENABLE_OBJC_ARC = YES;
				CLANG_ENABLE_OBJC_WEAK = YES;
				CLANG_WARN_BLOCK_CAPTURE_AUTORELEASING = YES;
				CLANG_WARN_BOOL_CONVERSION = YES;
				CLANG_WARN_COMMA = YES;
				CLANG_WARN_CONSTANT_CONVERSION = YES;
				CLANG_WARN_DEPRECATED_OBJC_IMPLEMENTATIONS = YES;
				CLANG_WARN_DIRECT_OBJC_ISA_USAGE = YES_ERROR;
				CLANG_WARN_DOCUMENTATION_COMMENTS = YES;
				CLANG_WARN_EMPTY_BODY = YES;
				CLANG_WARN_ENUM_CONVERSION = YES;
				CLANG_WARN_INFINITE_RECURSION = YES;
				CLANG_WARN_INT_CONVERSION = YES;
				CLANG_WARN_NON_LITERAL_NULL_CONVERSION = YES;
				CLANG_WARN_OBJC_IMPLICIT_RETAIN_SELF = YES;
				CLANG_WARN_OBJC_LITERAL_CONVERSION = YES;
				CLANG_WARN_OBJC_ROOT_CLASS = YES_ERROR;
				CLANG_WARN_QUOTED_INCLUDE_IN_FRAMEWORK_HEADER = YES;
				CLANG_WARN_RANGE_LOOP_ANALYSIS = YES;
				CLANG_WARN_STRICT_PROTOTYPES = YES;
				CLANG_WARN_SUSPICIOUS_MOVE = YES;
				CLANG_WARN_UNGUARDED_AVAILABILITY = YES_AGGRESSIVE;
				CLANG_WARN_UNREACHABLE_CODE = YES;
				CLANG_WARN__DUPLICATE_METHOD_MATCH = YES;
				COPY_PHASE_STRIP = NO;
				DEBUG_INFORMATION_FORMAT = dwarf;
				ENABLE_STRICT_OBJC_MSGSEND = YES;
				ENABLE_TESTABILITY = YES;
				GCC_C_LANGUAGE_STANDARD = gnu11;
				GCC_DYNAMIC_NO_PIC = NO;
				GCC_NO_COMMON_BLOCKS = YES;
				GCC_OPTIMIZATION_LEVEL = 0;
				GCC_PREPROCESSOR_DEFINITIONS = (
					"DEBUG=1",
					"$(inherited)",
				);
				GCC_WARN_64_TO_32_BIT_CONVERSION = YES;
				GCC_WARN_ABOUT_RETURN_TYPE = YES_ERROR;
				GCC_WARN_UNDECLARED_SELECTOR = YES;
				GCC_WARN_UNINITIALIZED_AUTOS = YES_AGGRESSIVE;
				GCC_WARN_UNUSED_FUNCTION = YES;
				GCC_WARN_UNUSED_VARIABLE = YES;
				IPHONEOS_DEPLOYMENT_TARGET = 15.0;
				MTL_ENABLE_DEBUG_INFO = INCLUDE_SOURCE;
				MTL_FAST_MATH = YES;
				ONLY_ACTIVE_ARCH = YES;
				SDKROOT = iphoneos;
				SWIFT_ACTIVE_COMPILATION_CONDITIONS = DEBUG;
				SWIFT_OPTIMIZATION_LEVEL = "-Onone";
			};
			name = Debug;
		};
		2373E6EF2752EAD2002DDB0B /* Release */ = {
			isa = XCBuildConfiguration;
			buildSettings = {
				ALWAYS_SEARCH_USER_PATHS = NO;
				CLANG_ANALYZER_NONNULL = YES;
				CLANG_ANALYZER_NUMBER_OBJECT_CONVERSION = YES_AGGRESSIVE;
				CLANG_CXX_LANGUAGE_STANDARD = "gnu++17";
				CLANG_CXX_LIBRARY = "libc++";
				CLANG_ENABLE_MODULES = YES;
				CLANG_ENABLE_OBJC_ARC = YES;
				CLANG_ENABLE_OBJC_WEAK = YES;
				CLANG_WARN_BLOCK_CAPTURE_AUTORELEASING = YES;
				CLANG_WARN_BOOL_CONVERSION = YES;
				CLANG_WARN_COMMA = YES;
				CLANG_WARN_CONSTANT_CONVERSION = YES;
				CLANG_WARN_DEPRECATED_OBJC_IMPLEMENTATIONS = YES;
				CLANG_WARN_DIRECT_OBJC_ISA_USAGE = YES_ERROR;
				CLANG_WARN_DOCUMENTATION_COMMENTS = YES;
				CLANG_WARN_EMPTY_BODY = YES;
				CLANG_WARN_ENUM_CONVERSION = YES;
				CLANG_WARN_INFINITE_RECURSION = YES;
				CLANG_WARN_INT_CONVERSION = YES;
				CLANG_WARN_NON_LITERAL_NULL_CONVERSION = YES;
				CLANG_WARN_OBJC_IMPLICIT_RETAIN_SELF = YES;
				CLANG_WARN_OBJC_LITERAL_CONVERSION = YES;
				CLANG_WARN_OBJC_ROOT_CLASS = YES_ERROR;
				CLANG_WARN_QUOTED_INCLUDE_IN_FRAMEWORK_HEADER = YES;
				CLANG_WARN_RANGE_LOOP_ANALYSIS = YES;
				CLANG_WARN_STRICT_PROTOTYPES = YES;
				CLANG_WARN_SUSPICIOUS_MOVE = YES;
				CLANG_WARN_UNGUARDED_AVAILABILITY = YES_AGGRESSIVE;
				CLANG_WARN_UNREACHABLE_CODE = YES;
				CLANG_WARN__DUPLICATE_METHOD_MATCH = YES;
				COPY_PHASE_STRIP = NO;
				DEBUG_INFORMATION_FORMAT = "dwarf-with-dsym";
				ENABLE_NS_ASSERTIONS = NO;
				ENABLE_STRICT_OBJC_MSGSEND = YES;
				GCC_C_LANGUAGE_STANDARD = gnu11;
				GCC_NO_COMMON_BLOCKS = YES;
				GCC_WARN_64_TO_32_BIT_CONVERSION = YES;
				GCC_WARN_ABOUT_RETURN_TYPE = YES_ERROR;
				GCC_WARN_UNDECLARED_SELECTOR = YES;
				GCC_WARN_UNINITIALIZED_AUTOS = YES_AGGRESSIVE;
				GCC_WARN_UNUSED_FUNCTION = YES;
				GCC_WARN_UNUSED_VARIABLE = YES;
				IPHONEOS_DEPLOYMENT_TARGET = 15.0;
				MTL_ENABLE_DEBUG_INFO = NO;
				MTL_FAST_MATH = YES;
				SDKROOT = iphoneos;
				SWIFT_COMPILATION_MODE = wholemodule;
				SWIFT_OPTIMIZATION_LEVEL = "-O";
				VALIDATE_PRODUCT = YES;
			};
			name = Release;
		};
		2373E6F12752EAD2002DDB0B /* Debug */ = {
			isa = XCBuildConfiguration;
			baseConfigurationReference = 4F7F7298F21D508D019A8C9D /* Pods-Weather Surfer.debug.xcconfig */;
			buildSettings = {
				ASSETCATALOG_COMPILER_APPICON_NAME = AppIcon;
				ASSETCATALOG_COMPILER_GLOBAL_ACCENT_COLOR_NAME = AccentColor;
				CODE_SIGN_STYLE = Automatic;
				CURRENT_PROJECT_VERSION = 1;
				DEVELOPMENT_ASSET_PATHS = "\"Weather Surfer/Preview Content\"";
				DEVELOPMENT_TEAM = J3J54YQM42;
				ENABLE_PREVIEWS = YES;
				GENERATE_INFOPLIST_FILE = YES;
				INFOPLIST_FILE = "Weather-Surfer-Info.plist";
				INFOPLIST_KEY_NSLocationWhenInUseUsageDescription = "Using location to find the weather details";
				INFOPLIST_KEY_UIApplicationSceneManifest_Generation = YES;
				INFOPLIST_KEY_UIApplicationSupportsIndirectInputEvents = YES;
				INFOPLIST_KEY_UILaunchScreen_Generation = YES;
				INFOPLIST_KEY_UISupportedInterfaceOrientations_iPad = "UIInterfaceOrientationPortrait UIInterfaceOrientationPortraitUpsideDown UIInterfaceOrientationLandscapeLeft UIInterfaceOrientationLandscapeRight";
				INFOPLIST_KEY_UISupportedInterfaceOrientations_iPhone = "UIInterfaceOrientationPortrait UIInterfaceOrientationLandscapeLeft UIInterfaceOrientationLandscapeRight";
				LD_RUNPATH_SEARCH_PATHS = (
					"$(inherited)",
					"@executable_path/Frameworks",
				);
				MARKETING_VERSION = 1.0;
				PRODUCT_BUNDLE_IDENTIFIER = "com.vishwam.Weather-Surfer";
				PRODUCT_NAME = "$(TARGET_NAME)";
				SWIFT_EMIT_LOC_STRINGS = YES;
				SWIFT_VERSION = 5.0;
				TARGETED_DEVICE_FAMILY = "1,2";
			};
			name = Debug;
		};
		2373E6F22752EAD2002DDB0B /* Release */ = {
			isa = XCBuildConfiguration;
			baseConfigurationReference = 01B76D5EA2A315B259CC69ED /* Pods-Weather Surfer.release.xcconfig */;
			buildSettings = {
				ASSETCATALOG_COMPILER_APPICON_NAME = AppIcon;
				ASSETCATALOG_COMPILER_GLOBAL_ACCENT_COLOR_NAME = AccentColor;
				CODE_SIGN_STYLE = Automatic;
				CURRENT_PROJECT_VERSION = 1;
				DEVELOPMENT_ASSET_PATHS = "\"Weather Surfer/Preview Content\"";
				DEVELOPMENT_TEAM = J3J54YQM42;
				ENABLE_PREVIEWS = YES;
				GENERATE_INFOPLIST_FILE = YES;
				INFOPLIST_FILE = "Weather-Surfer-Info.plist";
				INFOPLIST_KEY_NSLocationWhenInUseUsageDescription = "Using location to find the weather details";
				INFOPLIST_KEY_UIApplicationSceneManifest_Generation = YES;
				INFOPLIST_KEY_UIApplicationSupportsIndirectInputEvents = YES;
				INFOPLIST_KEY_UILaunchScreen_Generation = YES;
				INFOPLIST_KEY_UISupportedInterfaceOrientations_iPad = "UIInterfaceOrientationPortrait UIInterfaceOrientationPortraitUpsideDown UIInterfaceOrientationLandscapeLeft UIInterfaceOrientationLandscapeRight";
				INFOPLIST_KEY_UISupportedInterfaceOrientations_iPhone = "UIInterfaceOrientationPortrait UIInterfaceOrientationLandscapeLeft UIInterfaceOrientationLandscapeRight";
				LD_RUNPATH_SEARCH_PATHS = (
					"$(inherited)",
					"@executable_path/Frameworks",
				);
				MARKETING_VERSION = 1.0;
				PRODUCT_BUNDLE_IDENTIFIER = "com.vishwam.Weather-Surfer";
				PRODUCT_NAME = "$(TARGET_NAME)";
				SWIFT_EMIT_LOC_STRINGS = YES;
				SWIFT_VERSION = 5.0;
				TARGETED_DEVICE_FAMILY = "1,2";
			};
			name = Release;
		};
/* End XCBuildConfiguration section */

/* Begin XCConfigurationList section */
		2373E6D82752EACC002DDB0B /* Build configuration list for PBXProject "Weather Surfer" */ = {
			isa = XCConfigurationList;
			buildConfigurations = (
				2373E6EE2752EAD2002DDB0B /* Debug */,
				2373E6EF2752EAD2002DDB0B /* Release */,
			);
			defaultConfigurationIsVisible = 0;
			defaultConfigurationName = Release;
		};
		2373E6F02752EAD2002DDB0B /* Build configuration list for PBXNativeTarget "Weather Surfer" */ = {
			isa = XCConfigurationList;
			buildConfigurations = (
				2373E6F12752EAD2002DDB0B /* Debug */,
				2373E6F22752EAD2002DDB0B /* Release */,
			);
			defaultConfigurationIsVisible = 0;
			defaultConfigurationName = Release;
		};
/* End XCConfigurationList section */

/* Begin XCVersionGroup section */
		2373E6EB2752EAD2002DDB0B /* Weather_Surfer.xcdatamodeld */ = {
			isa = XCVersionGroup;
			children = (
				2373E6EC2752EAD2002DDB0B /* Weather_Surfer.xcdatamodel */,
			);
			currentVersion = 2373E6EC2752EAD2002DDB0B /* Weather_Surfer.xcdatamodel */;
			path = Weather_Surfer.xcdatamodeld;
			sourceTree = "<group>";
			versionGroupType = wrapper.xcdatamodel;
		};
/* End XCVersionGroup section */
	};
	rootObject = 2373E6D52752EACC002DDB0B /* Project object */;
}
